
Microsoft Visual Studio Solution File, Format Version 12.00
# Visual Studio 2012
Project("{FAE04EC0-301F-11D3-BF4B-00C04F79EFBC}") = "MyCinema", "MyCinema\MyCinema.csproj", "{F35B32E6-04A2-49ED-A35F-3644B1FEF4DB}"
EndProject
Global
	GlobalSection(SolutionConfigurationPlatforms) = preSolution
		Debug|Any CPU = Debug|Any CPU
		Release|Any CPU = Release|Any CPU
	EndGlobalSection
	GlobalSection(ProjectConfigurationPlatforms) = postSolution
		{F35B32E6-04A2-49ED-A35F-3644B1FEF4DB}.Debug|Any CPU.ActiveCfg = Debug|Any CPU
		{F35B32E6-04A2-49ED-A35F-3644B1FEF4DB}.Debug|Any CPU.Build.0 = Debug|Any CPU
		{F35B32E6-04A2-49ED-A35F-3644B1FEF4DB}.Release|Any CPU.ActiveCfg = Release|Any CPU
		{F35B32E6-04A2-49ED-A35F-3644B1FEF4DB}.Release|Any CPU.Build.0 = Release|Any CPU
	EndGlobalSection
	GlobalSection(SolutionProperties) = preSolution
		HideSolutionNode = FALSE
	EndGlobalSection
EndGlobal
